
Microsoft Visual Studio Solution File, Format Version 12.00
# Visual Studio Version 16
VisualStudioVersion = 16.0.30907.101
MinimumVisualStudioVersion = 10.0.40219.1
Project("{FAE04EC0-301F-11D3-BF4B-00C04F79EFBC}") = "5_element", "5_element.csproj", "{2A5BE303-FB14-4E0A-A32C-5E0E7D926249}"
EndProject
Global
	GlobalSection(SolutionConfigurationPlatforms) = preSolution
		Debug|Any CPU = Debug|Any CPU
		Release|Any CPU = Release|Any CPU
	EndGlobalSection
	GlobalSection(ProjectConfigurationPlatforms) = postSolution
		{2A5BE303-FB14-4E0A-A32C-5E0E7D926249}.Debug|Any CPU.ActiveCfg = Debug|Any CPU
		{2A5BE303-FB14-4E0A-A32C-5E0E7D926249}.Debug|Any CPU.Build.0 = Debug|Any CPU
		{2A5BE303-FB14-4E0A-A32C-5E0E7D926249}.Release|Any CPU.ActiveCfg = Release|Any CPU
		{2A5BE303-FB14-4E0A-A32C-5E0E7D926249}.Release|Any CPU.Build.0 = Release|Any CPU
	EndGlobalSection
	GlobalSection(SolutionProperties) = preSolution
		HideSolutionNode = FALSE
	EndGlobalSection
	GlobalSection(ExtensibilityGlobals) = postSolution
		SolutionGuid = {64F6FF99-4924-400C-8E72-9F411641F5AF}
	EndGlobalSection
EndGlobal
